{
    "_readme": [
        "This file locks the dependencies of your project to a known state",
        "Read more about it at https://getcomposer.org/doc/01-basic-usage.md#installing-dependencies",
        "This file is @generated automatically"
    ],
    "content-hash": "48920089d6c6d5b40db94feb8aefd091",
    "packages": [
        {
            "name": "arts/elementor-extension",
            "version": "dev-master",
            "source": {
                "type": "git",
                "url": "https://github.com/artkrsk/arts-elementor-extension.git",
                "reference": "cfcbdf7dc3dd63eeab3fd298afc9d83604a3b4d7"
            },
            "dist": {
                "type": "zip",
                "url": "https://api.github.com/repos/artkrsk/arts-elementor-extension/zipball/cfcbdf7dc3dd63eeab3fd298afc9d83604a3b4d7",
                "reference": "cfcbdf7dc3dd63eeab3fd298afc9d83604a3b4d7",
                "shasum": ""
            },
            "require": {
                "arts/utilities": "@dev",
                "php": ">=7.4"
            },
            "require-dev": {
                "brain/monkey": "^2.6",
                "phpunit/phpunit": "^9.6",
                "yoast/phpunit-polyfills": "^4.0"
            },
            "default-branch": true,
            "type": "library",
            "autoload": {
                "psr-4": {
                    "Arts\\ElementorExtension\\": "src/php/"
                }
            },
            "notification-url": "https://packagist.org/downloads/",
            "license": [
                "MIT"
            ],
            "authors": [
                {
                    "name": "Artem Semkin",
                    "email": "me@artemsemkin.com"
                }
            ],
            "description": "WordPress library",
            "support": {
                "issues": "https://github.com/artkrsk/arts-elementor-extension/issues",
                "source": "https://github.com/artkrsk/arts-elementor-extension/tree/master"
            },
            "time": "2025-05-06T07:57:44+00:00"
        },
        {
            "name": "arts/utilities",
            "version": "dev-master",
            "source": {
                "type": "git",
                "url": "https://github.com/artkrsk/arts-utilities.git",
                "reference": "c36dd573ff9aafc8ab0f8e56f68cc690c9a1c236"
            },
            "dist": {
                "type": "zip",
                "url": "https://api.github.com/repos/artkrsk/arts-utilities/zipball/c36dd573ff9aafc8ab0f8e56f68cc690c9a1c236",
                "reference": "c36dd573ff9aafc8ab0f8e56f68cc690c9a1c236",
                "shasum": ""
            },
            "require": {
                "php": ">=7.2"
            },
            "require-dev": {
                "antecedent/patchwork": "^2.1",
                "brain/monkey": "^2.6",
                "phpunit/phpunit": "^9.6",
                "yoast/phpunit-polyfills": "^4.0"
            },
            "default-branch": true,
            "type": "library",
            "autoload": {
                "psr-4": {
                    "Arts\\Utilities\\": "src/php/"
                }
            },
            "notification-url": "https://packagist.org/downloads/",
            "license": [
                "MIT"
            ],
            "authors": [
                {
                    "name": "Artem Semkin",
                    "email": "me@artemsemkin.com"
                }
            ],
            "description": "A comprehensive collection of utility methods for WordPress theme and plugin development, with a focus on Elementor integration.",
            "support": {
                "issues": "https://github.com/artkrsk/arts-utilities/issues",
                "source": "https://github.com/artkrsk/arts-utilities/tree/master"
            },
            "time": "2025-05-06T08:38:16+00:00"
        }
    ],
    "packages-dev": [],
    "aliases": [],
    "minimum-stability": "stable",
    "stability-flags": {
        "arts/elementor-extension": 20,
        "arts/utilities": 20
    },
    "prefer-stable": false,
    "prefer-lowest": false,
    "platform": {
        "php": ">=7.4"
    },
    "platform-dev": [],
    "plugin-api-version": "2.6.0"
}
